<?xml version="1.0" encoding="UTF-8" standalone="yes" ?>
<CodeBlocks_project_file>
	<FileVersion major="1" minor="6" />
	<Project>
		<Option title="Projeto TP1" />
		<Option pch_mode="2" />
		<Option compiler="gcc" />
		<Build>
			<Target title="Debug">
				<Option output="bin/Debug/Projeto TP1" prefix_auto="1" extension_auto="1" />
				<Option object_output="obj/Debug/" />
				<Option type="1" />
				<Option compiler="gcc" />
				<Compiler>
					<Add option="-g" />
					<Add option="-fsanitize=address" />
					<Add option="-fsanitize=undefined" />
				</Compiler>
				<Linker>
					<Add option="-fsanitize=address" />
					<Add option="-fsanitize=undefined" />
				</Linker>
			</Target>
			<Target title="Release">
				<Option output="bin/Release/Projeto TP1" prefix_auto="1" extension_auto="1" />
				<Option object_output="obj/Release/" />
				<Option type="1" />
				<Option compiler="gcc" />
				<Compiler>
					<Add option="-O2" />
				</Compiler>
				<Linker>
					<Add option="-s" />
				</Linker>
			</Target>
			<Target title="Testes">
				<Option output="bin/Testes/Projeto TP1" prefix_auto="1" extension_auto="1" />
				<Option object_output="obj/Testes/" />
				<Option type="1" />
				<Option compiler="gcc" />
				<Compiler>
					<Add option="-g" />
					<Add option="-fsanitize=address" />
					<Add option="-fsanitize=undefined" />
				</Compiler>
				<Linker>
					<Add option="-fsanitize=address" />
					<Add option="-fsanitize=undefined" />
				</Linker>
				<ExtraCommands>
					<Add after="$exe_output" />
				</ExtraCommands>
			</Target>
		</Build>
		<Compiler>
			<Add option="-Wall" />
			<Add option="-Wextra" />
			<Add option="-Wpedantic" />
			<Add option="-Wshadow" />
			<Add option="-Wconversion" />
			<Add option="-std=c++23" />
			<Add option="-fexceptions" />
		</Compiler>
		<Unit filename="dominios/Codigo.cpp" />
		<Unit filename="dominios/Codigo.hpp" />
		<Unit filename="dominios/Data.cpp" />
		<Unit filename="dominios/Data.hpp" />
		<Unit filename="dominios/Email.cpp" />
		<Unit filename="dominios/Email.hpp" />
		<Unit filename="dominios/Nome.cpp" />
		<Unit filename="dominios/Nome.hpp" />
		<Unit filename="testes/teste_codigo.cpp">
			<Option target="Testes" />
		</Unit>
		<Unit filename="testes/teste_data.cpp">
			<Option target="Testes" />
		</Unit>
		<Unit filename="testes/teste_email.cpp">
			<Option target="Testes" />
		</Unit>
		<Unit filename="testes/teste_main.cpp">
			<Option target="Testes" />
		</Unit>
		<Unit filename="testes/teste_nome.cpp">
			<Option target="Testes" />
		</Unit>
		<Extensions>
			<lib_finder disable_auto="1" />
		</Extensions>
	</Project>
</CodeBlocks_project_file>
