<?xml version="1.0" encoding="UTF-8" standalone="yes" ?>
<CodeBlocks_project_file>
	<FileVersion major="1" minor="6" />
	<Project>
		<Option title="Projeto TP1" />
		<Option pch_mode="2" />
		<Option compiler="gcc" />
		<Build>
			<Target title="Debug">
				<Option output="bin/Debug/Projeto TP1" prefix_auto="1" extension_auto="1" />
				<Option object_output="obj/Debug/" />
				<Option type="1" />
				<Option compiler="gcc" />
				<Compiler>
					<Add option="-g" />
					<Add option="-fsanitize=address" />
					<Add option="-fsanitize=undefined" />
				</Compiler>
				<Linker>
					<Add option="-fsanitize=address" />
					<Add option="-fsanitize=undefined" />
				</Linker>
			</Target>
			<Target title="Release">
				<Option output="bin/Release/Projeto TP1" prefix_auto="1" extension_auto="1" />
				<Option object_output="obj/Release/" />
				<Option type="1" />
				<Option compiler="gcc" />
				<Compiler>
					<Add option="-O2" />
				</Compiler>
				<Linker>
					<Add option="-s" />
				</Linker>
			</Target>
			<Target title="Testes">
				<Option output="bin/Testes/Projeto TP1" prefix_auto="1" extension_auto="1" />
				<Option object_output="obj/Testes/" />
				<Option type="1" />
				<Option compiler="gcc" />
				<Compiler>
					<Add option="-g" />
					<Add option="-fsanitize=address" />
					<Add option="-fsanitize=undefined" />
				</Compiler>
				<Linker>
					<Add option="-fsanitize=address" />
					<Add option="-fsanitize=undefined" />
				</Linker>
				<ExtraCommands>
					<Add after="$exe_output" />
				</ExtraCommands>
			</Target>
		</Build>
		<Compiler>
			<Add option="-Wall" />
			<Add option="-Wextra" />
			<Add option="-Wpedantic" />
			<Add option="-Wshadow" />
			<Add option="-Wconversion" />
			<Add option="-std=c++23" />
			<Add option="-fexceptions" />
		</Compiler>
		<Unit filename="apresentacao/controladoras/CntrApresentacaoAutenticacao.cpp" />
		<Unit filename="apresentacao/controladoras/CntrApresentacaoAutenticacao.hpp" />
		<Unit filename="apresentacao/controladoras/CntrApresentacaoCadastro.cpp" />
		<Unit filename="apresentacao/controladoras/CntrApresentacaoCadastro.hpp" />
		<Unit filename="dominios/Codigo.cpp" />
		<Unit filename="dominios/Codigo.hpp" />
		<Unit filename="dominios/Data.cpp" />
		<Unit filename="dominios/Data.hpp" />
		<Unit filename="dominios/Email.cpp" />
		<Unit filename="dominios/Email.hpp" />
		<Unit filename="dominios/Estado.cpp" />
		<Unit filename="dominios/Estado.hpp" />
		<Unit filename="dominios/Nome.cpp" />
		<Unit filename="dominios/Nome.hpp" />
		<Unit filename="dominios/Papel.cpp" />
		<Unit filename="dominios/Papel.hpp" />
		<Unit filename="dominios/Prioridade.cpp" />
		<Unit filename="dominios/Prioridade.hpp" />
		<Unit filename="dominios/Senha.cpp" />
		<Unit filename="dominios/Senha.hpp" />
		<Unit filename="dominios/Tempo.cpp" />
		<Unit filename="dominios/Tempo.hpp" />
		<Unit filename="dominios/Texto.cpp" />
		<Unit filename="dominios/Texto.hpp" />
		<Unit filename="entidades/HistoriaDeUsuario.hpp" />
		<Unit filename="entidades/Pessoa.hpp" />
		<Unit filename="entidades/PlanoDeSprint.hpp" />
		<Unit filename="entidades/Projeto.hpp" />
		<Unit filename="interfaces/IApresentacaoAutenticacao.hpp" />
		<Unit filename="interfaces/IApresentacaoCadastro.hpp" />
		<Unit filename="interfaces/IApresentacaoGestao.hpp" />
		<Unit filename="interfaces/IServicoAutenticacao.hpp" />
		<Unit filename="interfaces/IServicoCadastro.hpp" />
		<Unit filename="interfaces/IServicoGestao.hpp" />
		<Unit filename="main.cpp">
			<Option target="Debug" />
			<Option target="Release" />
		</Unit>
		<Unit filename="servico/stubs/StubServicoAutenticacao.hpp" />
		<Unit filename="servico/stubs/StubServicoCadastro.hpp" />
		<Unit filename="servico/stubs/StubServicoGestao.hpp" />
		<Unit filename="testes/doctest.h">
			<Option target="Testes" />
		</Unit>
		<Unit filename="testes/teste_codigo.cpp">
			<Option target="Testes" />
			<Option target="Release" />
		</Unit>
		<Unit filename="testes/teste_data.cpp">
			<Option target="Testes" />
			<Option target="Release" />
		</Unit>
		<Unit filename="testes/teste_email.cpp">
			<Option target="Testes" />
			<Option target="Release" />
		</Unit>
		<Unit filename="testes/teste_estado.cpp">
			<Option target="Testes" />
		</Unit>
		<Unit filename="testes/teste_historia_de_usuario.cpp">
			<Option target="Testes" />
			<Option target="Release" />
		</Unit>
		<Unit filename="testes/teste_main.cpp">
			<Option target="Testes" />
		</Unit>
		<Unit filename="testes/teste_nome.cpp">
			<Option target="Testes" />
			<Option target="Release" />
		</Unit>
		<Unit filename="testes/teste_papel.cpp">
			<Option target="Testes" />
			<Option target="Release" />
		</Unit>
		<Unit filename="testes/teste_pessoa.cpp">
			<Option target="Testes" />
			<Option target="Release" />
		</Unit>
		<Unit filename="testes/teste_plano_de_sprint.cpp">
			<Option target="Testes" />
			<Option target="Release" />
		</Unit>
		<Unit filename="testes/teste_prioridade.cpp">
			<Option target="Testes" />
			<Option target="Release" />
		</Unit>
		<Unit filename="testes/teste_projeto.cpp">
			<Option target="Testes" />
			<Option target="Release" />
		</Unit>
		<Unit filename="testes/teste_senha.cpp">
			<Option target="Testes" />
			<Option target="Release" />
		</Unit>
		<Unit filename="testes/teste_tempo.cpp">
			<Option target="Testes" />
			<Option target="Release" />
		</Unit>
		<Unit filename="testes/teste_texto.cpp">
			<Option target="Testes" />
			<Option target="Release" />
		</Unit>
		<Extensions>
			<lib_finder disable_auto="1" />
		</Extensions>
	</Project>
</CodeBlocks_project_file>
